%{
  "cc_precompiler": {:hex, :cc_precompiler, "0.1.10", "47c9c08d8869cf09b41da36538f62bc1abd3e19e41701c2cea2675b53c704258", [:mix], [{:elixir_make, "~> 0.7", [hex: :elixir_make, repo: "hexpm", optional: false]}], "hexpm", "f6e046254e53cd6b41c6bacd70ae728011aa82b2742a80d6e2214855c6e06b22"},
  "datum": {:hex, :datum, "4.6.1", "93b131203a60cfea9ffff6435a50dc24239f689dfebb76e6aecf6ce689efe8f4", [:rebar3], [], "hexpm", "e14340f8280fedb1731d5cd6e9f5aeaa14b880c51f0b3dc16c42c6671c167e4d"},
  "elixir_make": {:hex, :elixir_make, "0.8.4", "4960a03ce79081dee8fe119d80ad372c4e7badb84c493cc75983f9d3bc8bde0f", [:mix], [{:castore, "~> 0.1 or ~> 1.0", [hex: :castore, repo: "hexpm", optional: true]}, {:certifi, "~> 2.0", [hex: :certifi, repo: "hexpm", optional: true]}], "hexpm", "6e7f1d619b5f61dfabd0a20aa268e575572b542ac31723293a4c1a567d5ef040"},
  "esq": {:hex, :esq, "2.0.6", "9917e1a731c609b42624a4bb8594a25d537ea30e7b55d46cd46fa1b95e6db675", [:rebar3], [{:datum, "~> 4.6.1", [hex: :datum, repo: "hexpm", optional: false]}, {:pipe, "~> 2.0.1", [hex: :pipes, repo: "hexpm", optional: false]}, {:uid, "~> 1.3.4", [hex: :uid, repo: "hexpm", optional: false]}], "hexpm", "3b798da50c508fe93248dbbd64d3d2cb618cab5387e66515ab83cadf2b1abac1"},
  "jason": {:hex, :jason, "1.4.1", "af1504e35f629ddcdd6addb3513c3853991f694921b1b9368b0bd32beb9f1b63", [:mix], [{:decimal, "~> 1.0 or ~> 2.0", [hex: :decimal, repo: "hexpm", optional: true]}], "hexpm", "fbb01ecdfd565b56261302f7e1fcc27c4fb8f32d56eab74db621fc154604a7a1"},
  "pipe": {:hex, :pipes, "2.0.1", "a2b56796c63690ed0e78bb77bb389af250bd70afa15a6869369dbdc11087d68f", [:rebar3], [], "hexpm", "623357a158e4c33ee589d4c735ddbab9c77a04e85159192e4d42f1dc97c60bd9"},
  "uid": {:hex, :uid, "1.3.4", "42e30e22908e8e2faa6227e9c261f1954cb540be3c5a139e112369ae6cc451fc", [:rebar3], [], "hexpm", "f8388ef93b16a5d5f9977e1fe814ae0acf5529b1e0ee5d7b18d23cb4c0f87eaa"},
}
